// !$*UTF8*$!
{
	archiveVersion = 1;
	classes = {
	};
	objectVersion = 50;
	objects = {

/* Begin PBXBuildFile section */
		1E8812D3206A9BF9006DFB84 /* AppDelegate.swift in Sources */ = {isa = PBXBuildFile; fileRef = 1E8812D2206A9BF9006DFB84 /* AppDelegate.swift */; };
		1E8812D5206A9BF9006DFB84 /* ViewController.swift in Sources */ = {isa = PBXBuildFile; fileRef = 1E8812D4206A9BF9006DFB84 /* ViewController.swift */; };
		1E8812D8206A9BF9006DFB84 /* Main.storyboard in Resources */ = {isa = PBXBuildFile; fileRef = 1E8812D6206A9BF9006DFB84 /* Main.storyboard */; };
		1E8812DA206A9BFA006DFB84 /* Assets.xcassets in Resources */ = {isa = PBXBuildFile; fileRef = 1E8812D9206A9BFA006DFB84 /* Assets.xcassets */; };
		1E8812DD206A9BFA006DFB84 /* LaunchScreen.storyboard in Resources */ = {isa = PBXBuildFile; fileRef = 1E8812DB206A9BFA006DFB84 /* LaunchScreen.storyboard */; };
		1E8812E5206A9F8F006DFB84 /* QRCodeResultViewController.swift in Sources */ = {isa = PBXBuildFile; fileRef = 1E8812E4206A9F8F006DFB84 /* QRCodeResultViewController.swift */; };
		1E8812E7206AAFC9006DFB84 /* ErrorMessageConstants.swift in Sources */ = {isa = PBXBuildFile; fileRef = 1E8812E6206AAFC9006DFB84 /* ErrorMessageConstants.swift */; };
		1E8812EF206AD658006DFB84 /* ShareViewController.swift in Sources */ = {isa = PBXBuildFile; fileRef = 1E8812EE206AD658006DFB84 /* ShareViewController.swift */; };
		1E8812F2206AD658006DFB84 /* MainInterface.storyboard in Resources */ = {isa = PBXBuildFile; fileRef = 1E8812F0206AD658006DFB84 /* MainInterface.storyboard */; };
		1E8812F6206AD658006DFB84 /* shareext.appex in Embed App Extensions */ = {isa = PBXBuildFile; fileRef = 1E8812EC206AD658006DFB84 /* shareext.appex */; settings = {ATTRIBUTES = (RemoveHeadersOnCopy, ); }; };
		1E8812FF206AE751006DFB84 /* SharedConstants.swift in Sources */ = {isa = PBXBuildFile; fileRef = 1E8812FE206AE751006DFB84 /* SharedConstants.swift */; };
		1E881300206AE7AA006DFB84 /* SharedConstants.swift in Sources */ = {isa = PBXBuildFile; fileRef = 1E8812FE206AE751006DFB84 /* SharedConstants.swift */; };
/* End PBXBuildFile section */

/* Begin PBXContainerItemProxy section */
		1E8812F4206AD658006DFB84 /* PBXContainerItemProxy */ = {
			isa = PBXContainerItemProxy;
			containerPortal = 1E8812C7206A9BF9006DFB84 /* Project object */;
			proxyType = 1;
			remoteGlobalIDString = 1E8812EB206AD658006DFB84;
			remoteInfo = shareext;
		};
/* End PBXContainerItemProxy section */

/* Begin PBXCopyFilesBuildPhase section */
		1E8812FA206AD658006DFB84 /* Embed App Extensions */ = {
			isa = PBXCopyFilesBuildPhase;
			buildActionMask = 2147483647;
			dstPath = "";
			dstSubfolderSpec = 13;
			files = (
				1E8812F6206AD658006DFB84 /* shareext.appex in Embed App Extensions */,
			);
			name = "Embed App Extensions";
			runOnlyForDeploymentPostprocessing = 0;
		};
/* End PBXCopyFilesBuildPhase section */

/* Begin PBXFileReference section */
		1E8812CF206A9BF9006DFB84 /* qrcodify.app */ = {isa = PBXFileReference; explicitFileType = wrapper.application; includeInIndex = 0; path = qrcodify.app; sourceTree = BUILT_PRODUCTS_DIR; };
		1E8812D2206A9BF9006DFB84 /* AppDelegate.swift */ = {isa = PBXFileReference; lastKnownFileType = sourcecode.swift; path = AppDelegate.swift; sourceTree = "<group>"; };
		1E8812D4206A9BF9006DFB84 /* ViewController.swift */ = {isa = PBXFileReference; lastKnownFileType = sourcecode.swift; path = ViewController.swift; sourceTree = "<group>"; };
		1E8812D7206A9BF9006DFB84 /* Base */ = {isa = PBXFileReference; lastKnownFileType = file.storyboard; name = Base; path = Base.lproj/Main.storyboard; sourceTree = "<group>"; };
		1E8812D9206A9BFA006DFB84 /* Assets.xcassets */ = {isa = PBXFileReference; lastKnownFileType = folder.assetcatalog; path = Assets.xcassets; sourceTree = "<group>"; };
		1E8812DC206A9BFA006DFB84 /* Base */ = {isa = PBXFileReference; lastKnownFileType = file.storyboard; name = Base; path = Base.lproj/LaunchScreen.storyboard; sourceTree = "<group>"; };
		1E8812DE206A9BFA006DFB84 /* Info.plist */ = {isa = PBXFileReference; lastKnownFileType = text.plist.xml; path = Info.plist; sourceTree = "<group>"; };
		1E8812E4206A9F8F006DFB84 /* QRCodeResultViewController.swift */ = {isa = PBXFileReference; lastKnownFileType = sourcecode.swift; path = QRCodeResultViewController.swift; sourceTree = "<group>"; };
		1E8812E6206AAFC9006DFB84 /* ErrorMessageConstants.swift */ = {isa = PBXFileReference; lastKnownFileType = sourcecode.swift; path = ErrorMessageConstants.swift; sourceTree = "<group>"; };
		1E8812EC206AD658006DFB84 /* shareext.appex */ = {isa = PBXFileReference; explicitFileType = "wrapper.app-extension"; includeInIndex = 0; path = shareext.appex; sourceTree = BUILT_PRODUCTS_DIR; };
		1E8812EE206AD658006DFB84 /* ShareViewController.swift */ = {isa = PBXFileReference; lastKnownFileType = sourcecode.swift; path = ShareViewController.swift; sourceTree = "<group>"; };
		1E8812F1206AD658006DFB84 /* Base */ = {isa = PBXFileReference; lastKnownFileType = file.storyboard; name = Base; path = Base.lproj/MainInterface.storyboard; sourceTree = "<group>"; };
		1E8812F3206AD658006DFB84 /* Info.plist */ = {isa = PBXFileReference; lastKnownFileType = text.plist.xml; path = Info.plist; sourceTree = "<group>"; };
		1E8812FB206AD6A1006DFB84 /* qrcodify.entitlements */ = {isa = PBXFileReference; lastKnownFileType = text.plist.entitlements; path = qrcodify.entitlements; sourceTree = "<group>"; };
		1E8812FC206AD6DB006DFB84 /* shareext.entitlements */ = {isa = PBXFileReference; lastKnownFileType = text.plist.entitlements; path = shareext.entitlements; sourceTree = "<group>"; };
		1E8812FE206AE751006DFB84 /* SharedConstants.swift */ = {isa = PBXFileReference; lastKnownFileType = sourcecode.swift; path = SharedConstants.swift; sourceTree = "<group>"; };
/* End PBXFileReference section */

/* Begin PBXFrameworksBuildPhase section */
		1E8812CC206A9BF9006DFB84 /* Frameworks */ = {
			isa = PBXFrameworksBuildPhase;
			buildActionMask = 2147483647;
			files = (
			);
			runOnlyForDeploymentPostprocessing = 0;
		};
		1E8812E9206AD658006DFB84 /* Frameworks */ = {
			isa = PBXFrameworksBuildPhase;
			buildActionMask = 2147483647;
			files = (
			);
			runOnlyForDeploymentPostprocessing = 0;
		};
/* End PBXFrameworksBuildPhase section */

/* Begin PBXGroup section */
		1E8812C6206A9BF9006DFB84 = {
			isa = PBXGroup;
			children = (
				1E8812FD206AE744006DFB84 /* shared */,
				1E8812D1206A9BF9006DFB84 /* qrcodify */,
				1E8812ED206AD658006DFB84 /* shareext */,
				1E8812D0206A9BF9006DFB84 /* Products */,
			);
			sourceTree = "<group>";
		};
		1E8812D0206A9BF9006DFB84 /* Products */ = {
			isa = PBXGroup;
			children = (
				1E8812CF206A9BF9006DFB84 /* qrcodify.app */,
				1E8812EC206AD658006DFB84 /* shareext.appex */,
			);
			name = Products;
			sourceTree = "<group>";
		};
		1E8812D1206A9BF9006DFB84 /* qrcodify */ = {
			isa = PBXGroup;
			children = (
				1E8812FB206AD6A1006DFB84 /* qrcodify.entitlements */,
				1E8812D2206A9BF9006DFB84 /* AppDelegate.swift */,
				1E8812D4206A9BF9006DFB84 /* ViewController.swift */,
				1E8812D6206A9BF9006DFB84 /* Main.storyboard */,
				1E8812D9206A9BFA006DFB84 /* Assets.xcassets */,
				1E8812DB206A9BFA006DFB84 /* LaunchScreen.storyboard */,
				1E8812DE206A9BFA006DFB84 /* Info.plist */,
				1E8812E4206A9F8F006DFB84 /* QRCodeResultViewController.swift */,
				1E8812E6206AAFC9006DFB84 /* ErrorMessageConstants.swift */,
			);
			path = qrcodify;
			sourceTree = "<group>";
		};
		1E8812ED206AD658006DFB84 /* shareext */ = {
			isa = PBXGroup;
			children = (
				1E8812FC206AD6DB006DFB84 /* shareext.entitlements */,
				1E8812EE206AD658006DFB84 /* ShareViewController.swift */,
				1E8812F0206AD658006DFB84 /* MainInterface.storyboard */,
				1E8812F3206AD658006DFB84 /* Info.plist */,
			);
			path = shareext;
			sourceTree = "<group>";
		};
		1E8812FD206AE744006DFB84 /* shared */ = {
			isa = PBXGroup;
			children = (
				1E8812FE206AE751006DFB84 /* SharedConstants.swift */,
			);
			path = shared;
			sourceTree = "<group>";
		};
/* End PBXGroup section */

/* Begin PBXNativeTarget section */
		1E8812CE206A9BF9006DFB84 /* qrcodify */ = {
			isa = PBXNativeTarget;
			buildConfigurationList = 1E8812E1206A9BFA006DFB84 /* Build configuration list for PBXNativeTarget "qrcodify" */;
			buildPhases = (
				1E8812CB206A9BF9006DFB84 /* Sources */,
				1E8812CC206A9BF9006DFB84 /* Frameworks */,
				1E8812CD206A9BF9006DFB84 /* Resources */,
				1E8812FA206AD658006DFB84 /* Embed App Extensions */,
			);
			buildRules = (
			);
			dependencies = (
				1E8812F5206AD658006DFB84 /* PBXTargetDependency */,
			);
			name = qrcodify;
			productName = qrcodify;
			productReference = 1E8812CF206A9BF9006DFB84 /* qrcodify.app */;
			productType = "com.apple.product-type.application";
		};
		1E8812EB206AD658006DFB84 /* shareext */ = {
			isa = PBXNativeTarget;
			buildConfigurationList = 1E8812F7206AD658006DFB84 /* Build configuration list for PBXNativeTarget "shareext" */;
			buildPhases = (
				1E8812E8206AD658006DFB84 /* Sources */,
				1E8812E9206AD658006DFB84 /* Frameworks */,
				1E8812EA206AD658006DFB84 /* Resources */,
			);
			buildRules = (
			);
			dependencies = (
			);
			name = shareext;
			productName = shareext;
			productReference = 1E8812EC206AD658006DFB84 /* shareext.appex */;
			productType = "com.apple.product-type.app-extension";
		};
/* End PBXNativeTarget section */

/* Begin PBXProject section */
		1E8812C7206A9BF9006DFB84 /* Project object */ = {
			isa = PBXProject;
			attributes = {
				LastSwiftUpdateCheck = 0930;
				LastUpgradeCheck = 0930;
				ORGANIZATIONNAME = "Wasin Thonkaew";
				TargetAttributes = {
					1E8812CE206A9BF9006DFB84 = {
						CreatedOnToolsVersion = 9.3;
						SystemCapabilities = {
							com.apple.ApplicationGroups.iOS = {
								enabled = 1;
							};
						};
					};
					1E8812EB206AD658006DFB84 = {
						CreatedOnToolsVersion = 9.3;
						SystemCapabilities = {
							com.apple.ApplicationGroups.iOS = {
								enabled = 1;
							};
						};
					};
				};
			};
			buildConfigurationList = 1E8812CA206A9BF9006DFB84 /* Build configuration list for PBXProject "qrcodify" */;
			compatibilityVersion = "Xcode 9.3";
			developmentRegion = en;
			hasScannedForEncodings = 0;
			knownRegions = (
				en,
				Base,
			);
			mainGroup = 1E8812C6206A9BF9006DFB84;
			productRefGroup = 1E8812D0206A9BF9006DFB84 /* Products */;
			projectDirPath = "";
			projectRoot = "";
			targets = (
				1E8812CE206A9BF9006DFB84 /* qrcodify */,
				1E8812EB206AD658006DFB84 /* shareext */,
			);
		};
/* End PBXProject section */

/* Begin PBXResourcesBuildPhase section */
		1E8812CD206A9BF9006DFB84 /* Resources */ = {
			isa = PBXResourcesBuildPhase;
			buildActionMask = 2147483647;
			files = (
				1E8812DD206A9BFA006DFB84 /* LaunchScreen.storyboard in Resources */,
				1E8812DA206A9BFA006DFB84 /* Assets.xcassets in Resources */,
				1E8812D8206A9BF9006DFB84 /* Main.storyboard in Resources */,
			);
			runOnlyForDeploymentPostprocessing = 0;
		};
		1E8812EA206AD658006DFB84 /* Resources */ = {
			isa = PBXResourcesBuildPhase;
			buildActionMask = 2147483647;
			files = (
				1E8812F2206AD658006DFB84 /* MainInterface.storyboard in Resources */,
			);
			runOnlyForDeploymentPostprocessing = 0;
		};
/* End PBXResourcesBuildPhase section */

/* Begin PBXSourcesBuildPhase section */
		1E8812CB206A9BF9006DFB84 /* Sources */ = {
			isa = PBXSourcesBuildPhase;
			buildActionMask = 2147483647;
			files = (
				1E8812E7206AAFC9006DFB84 /* ErrorMessageConstants.swift in Sources */,
				1E8812FF206AE751006DFB84 /* SharedConstants.swift in Sources */,
				1E8812E5206A9F8F006DFB84 /* QRCodeResultViewController.swift in Sources */,
				1E8812D5206A9BF9006DFB84 /* ViewController.swift in Sources */,
				1E8812D3206A9BF9006DFB84 /* AppDelegate.swift in Sources */,
			);
			runOnlyForDeploymentPostprocessing = 0;
		};
		1E8812E8206AD658006DFB84 /* Sources */ = {
			isa = PBXSourcesBuildPhase;
			buildActionMask = 2147483647;
			files = (
				1E881300206AE7AA006DFB84 /* SharedConstants.swift in Sources */,
				1E8812EF206AD658006DFB84 /* ShareViewController.swift in Sources */,
			);
			runOnlyForDeploymentPostprocessing = 0;
		};
/* End PBXSourcesBuildPhase section */

/* Begin PBXTargetDependency section */
		1E8812F5206AD658006DFB84 /* PBXTargetDependency */ = {
			isa = PBXTargetDependency;
			target = 1E8812EB206AD658006DFB84 /* shareext */;
			targetProxy = 1E8812F4206AD658006DFB84 /* PBXContainerItemProxy */;
		};
/* End PBXTargetDependency section */

/* Begin PBXVariantGroup section */
		1E8812D6206A9BF9006DFB84 /* Main.storyboard */ = {
			isa = PBXVariantGroup;
			children = (
				1E8812D7206A9BF9006DFB84 /* Base */,
			);
			name = Main.storyboard;
			sourceTree = "<group>";
		};
		1E8812DB206A9BFA006DFB84 /* LaunchScreen.storyboard */ = {
			isa = PBXVariantGroup;
			children = (
				1E8812DC206A9BFA006DFB84 /* Base */,
			);
			name = LaunchScreen.storyboard;
			sourceTree = "<group>";
		};
		1E8812F0206AD658006DFB84 /* MainInterface.storyboard */ = {
			isa = PBXVariantGroup;
			children = (
				1E8812F1206AD658006DFB84 /* Base */,
			);
			name = MainInterface.storyboard;
			sourceTree = "<group>";
		};
/* End PBXVariantGroup section */

/* Begin XCBuildConfiguration section */
		1E8812DF206A9BFA006DFB84 /* Debug */ = {
			isa = XCBuildConfiguration;
			buildSettings = {
				ALWAYS_SEARCH_USER_PATHS = NO;
				CLANG_ANALYZER_NONNULL = YES;
				CLANG_ANALYZER_NUMBER_OBJECT_CONVERSION = YES_AGGRESSIVE;
				CLANG_CXX_LANGUAGE_STANDARD = "gnu++14";
				CLANG_CXX_LIBRARY = "libc++";
				CLANG_ENABLE_MODULES = YES;
				CLANG_ENABLE_OBJC_ARC = YES;
				CLANG_ENABLE_OBJC_WEAK = YES;
				CLANG_WARN_BLOCK_CAPTURE_AUTORELEASING = YES;
				CLANG_WARN_BOOL_CONVERSION = YES;
				CLANG_WARN_COMMA = YES;
				CLANG_WARN_CONSTANT_CONVERSION = YES;
				CLANG_WARN_DEPRECATED_OBJC_IMPLEMENTATIONS = YES;
				CLANG_WARN_DIRECT_OBJC_ISA_USAGE = YES_ERROR;
				CLANG_WARN_DOCUMENTATION_COMMENTS = YES;
				CLANG_WARN_EMPTY_BODY = YES;
				CLANG_WARN_ENUM_CONVERSION = YES;
				CLANG_WARN_INFINITE_RECURSION = YES;
				CLANG_WARN_INT_CONVERSION = YES;
				CLANG_WARN_NON_LITERAL_NULL_CONVERSION = YES;
				CLANG_WARN_OBJC_IMPLICIT_RETAIN_SELF = YES;
				CLANG_WARN_OBJC_LITERAL_CONVERSION = YES;
				CLANG_WARN_OBJC_ROOT_CLASS = YES_ERROR;
				CLANG_WARN_RANGE_LOOP_ANALYSIS = YES;
				CLANG_WARN_STRICT_PROTOTYPES = YES;
				CLANG_WARN_SUSPICIOUS_MOVE = YES;
				CLANG_WARN_UNGUARDED_AVAILABILITY = YES_AGGRESSIVE;
				CLANG_WARN_UNREACHABLE_CODE = YES;
				CLANG_WARN__DUPLICATE_METHOD_MATCH = YES;
				CODE_SIGN_IDENTITY = "iPhone Developer";
				COPY_PHASE_STRIP = NO;
				DEBUG_INFORMATION_FORMAT = dwarf;
				ENABLE_STRICT_OBJC_MSGSEND = YES;
				ENABLE_TESTABILITY = YES;
				GCC_C_LANGUAGE_STANDARD = gnu11;
				GCC_DYNAMIC_NO_PIC = NO;
				GCC_NO_COMMON_BLOCKS = YES;
				GCC_OPTIMIZATION_LEVEL = 0;
				GCC_PREPROCESSOR_DEFINITIONS = (
					"DEBUG=1",
					"$(inherited)",
				);
				GCC_WARN_64_TO_32_BIT_CONVERSION = YES;
				GCC_WARN_ABOUT_RETURN_TYPE = YES_ERROR;
				GCC_WARN_UNDECLARED_SELECTOR = YES;
				GCC_WARN_UNINITIALIZED_AUTOS = YES_AGGRESSIVE;
				GCC_WARN_UNUSED_FUNCTION = YES;
				GCC_WARN_UNUSED_VARIABLE = YES;
				IPHONEOS_DEPLOYMENT_TARGET = 11.3;
				MTL_ENABLE_DEBUG_INFO = YES;
				ONLY_ACTIVE_ARCH = YES;
				SDKROOT = iphoneos;
				SWIFT_ACTIVE_COMPILATION_CONDITIONS = DEBUG;
				SWIFT_OPTIMIZATION_LEVEL = "-Onone";
			};
			name = Debug;
		};
		1E8812E0206A9BFA006DFB84 /* Release */ = {
			isa = XCBuildConfiguration;
			buildSettings = {
				ALWAYS_SEARCH_USER_PATHS = NO;
				CLANG_ANALYZER_NONNULL = YES;
				CLANG_ANALYZER_NUMBER_OBJECT_CONVERSION = YES_AGGRESSIVE;
				CLANG_CXX_LANGUAGE_STANDARD = "gnu++14";
				CLANG_CXX_LIBRARY = "libc++";
				CLANG_ENABLE_MODULES = YES;
				CLANG_ENABLE_OBJC_ARC = YES;
				CLANG_ENABLE_OBJC_WEAK = YES;
				CLANG_WARN_BLOCK_CAPTURE_AUTORELEASING = YES;
				CLANG_WARN_BOOL_CONVERSION = YES;
				CLANG_WARN_COMMA = YES;
				CLANG_WARN_CONSTANT_CONVERSION = YES;
				CLANG_WARN_DEPRECATED_OBJC_IMPLEMENTATIONS = YES;
				CLANG_WARN_DIRECT_OBJC_ISA_USAGE = YES_ERROR;
				CLANG_WARN_DOCUMENTATION_COMMENTS = YES;
				CLANG_WARN_EMPTY_BODY = YES;
				CLANG_WARN_ENUM_CONVERSION = YES;
				CLANG_WARN_INFINITE_RECURSION = YES;
				CLANG_WARN_INT_CONVERSION = YES;
				CLANG_WARN_NON_LITERAL_NULL_CONVERSION = YES;
				CLANG_WARN_OBJC_IMPLICIT_RETAIN_SELF = YES;
				CLANG_WARN_OBJC_LITERAL_CONVERSION = YES;
				CLANG_WARN_OBJC_ROOT_CLASS = YES_ERROR;
				CLANG_WARN_RANGE_LOOP_ANALYSIS = YES;
				CLANG_WARN_STRICT_PROTOTYPES = YES;
				CLANG_WARN_SUSPICIOUS_MOVE = YES;
				CLANG_WARN_UNGUARDED_AVAILABILITY = YES_AGGRESSIVE;
				CLANG_WARN_UNREACHABLE_CODE = YES;
				CLANG_WARN__DUPLICATE_METHOD_MATCH = YES;
				CODE_SIGN_IDENTITY = "iPhone Developer";
				COPY_PHASE_STRIP = NO;
				DEBUG_INFORMATION_FORMAT = "dwarf-with-dsym";
				ENABLE_NS_ASSERTIONS = NO;
				ENABLE_STRICT_OBJC_MSGSEND = YES;
				GCC_C_LANGUAGE_STANDARD = gnu11;
				GCC_NO_COMMON_BLOCKS = YES;
				GCC_WARN_64_TO_32_BIT_CONVERSION = YES;
				GCC_WARN_ABOUT_RETURN_TYPE = YES_ERROR;
				GCC_WARN_UNDECLARED_SELECTOR = YES;
				GCC_WARN_UNINITIALIZED_AUTOS = YES_AGGRESSIVE;
				GCC_WARN_UNUSED_FUNCTION = YES;
				GCC_WARN_UNUSED_VARIABLE = YES;
				IPHONEOS_DEPLOYMENT_TARGET = 11.3;
				MTL_ENABLE_DEBUG_INFO = NO;
				SDKROOT = iphoneos;
				SWIFT_COMPILATION_MODE = wholemodule;
				SWIFT_OPTIMIZATION_LEVEL = "-O";
				VALIDATE_PRODUCT = YES;
			};
			name = Release;
		};
		1E8812E2206A9BFA006DFB84 /* Debug */ = {
			isa = XCBuildConfiguration;
			buildSettings = {
				ALWAYS_EMBED_SWIFT_STANDARD_LIBRARIES = YES;
				ASSETCATALOG_COMPILER_APPICON_NAME = AppIcon;
				CODE_SIGN_ENTITLEMENTS = qrcodify/qrcodify.entitlements;
				CODE_SIGN_STYLE = Automatic;
				DEVELOPMENT_TEAM = XGKHW634KL;
				INFOPLIST_FILE = qrcodify/Info.plist;
				IPHONEOS_DEPLOYMENT_TARGET = 9.0;
				LD_RUNPATH_SEARCH_PATHS = (
					"$(inherited)",
					"@executable_path/Frameworks",
				);
				PRODUCT_BUNDLE_IDENTIFIER = co.abzi.qrcodify;
				PRODUCT_NAME = "$(TARGET_NAME)";
				SWIFT_VERSION = 4.0;
				TARGETED_DEVICE_FAMILY = "1,2";
			};
			name = Debug;
		};
		1E8812E3206A9BFA006DFB84 /* Release */ = {
			isa = XCBuildConfiguration;
			buildSettings = {
				ALWAYS_EMBED_SWIFT_STANDARD_LIBRARIES = YES;
				ASSETCATALOG_COMPILER_APPICON_NAME = AppIcon;
				CODE_SIGN_ENTITLEMENTS = qrcodify/qrcodify.entitlements;
				CODE_SIGN_STYLE = Automatic;
				DEVELOPMENT_TEAM = XGKHW634KL;
				INFOPLIST_FILE = qrcodify/Info.plist;
				IPHONEOS_DEPLOYMENT_TARGET = 9.0;
				LD_RUNPATH_SEARCH_PATHS = (
					"$(inherited)",
					"@executable_path/Frameworks",
				);
				PRODUCT_BUNDLE_IDENTIFIER = co.abzi.qrcodify;
				PRODUCT_NAME = "$(TARGET_NAME)";
				SWIFT_VERSION = 4.0;
				TARGETED_DEVICE_FAMILY = "1,2";
			};
			name = Release;
		};
		1E8812F8206AD658006DFB84 /* Debug */ = {
			isa = XCBuildConfiguration;
			buildSettings = {
				CODE_SIGN_ENTITLEMENTS = shareext/shareext.entitlements;
				CODE_SIGN_STYLE = Automatic;
				DEVELOPMENT_TEAM = XGKHW634KL;
				INFOPLIST_FILE = shareext/Info.plist;
				IPHONEOS_DEPLOYMENT_TARGET = 9.0;
				LD_RUNPATH_SEARCH_PATHS = (
					"$(inherited)",
					"@executable_path/Frameworks",
					"@executable_path/../../Frameworks",
				);
				PRODUCT_BUNDLE_IDENTIFIER = co.abzi.qrcodify.shareext;
				PRODUCT_NAME = "$(TARGET_NAME)";
				SKIP_INSTALL = YES;
				SWIFT_VERSION = 4.0;
				TARGETED_DEVICE_FAMILY = "1,2";
			};
			name = Debug;
		};
		1E8812F9206AD658006DFB84 /* Release */ = {
			isa = XCBuildConfiguration;
			buildSettings = {
				CODE_SIGN_ENTITLEMENTS = shareext/shareext.entitlements;
				CODE_SIGN_STYLE = Automatic;
				DEVELOPMENT_TEAM = XGKHW634KL;
				INFOPLIST_FILE = shareext/Info.plist;
				IPHONEOS_DEPLOYMENT_TARGET = 9.0;
				LD_RUNPATH_SEARCH_PATHS = (
					"$(inherited)",
					"@executable_path/Frameworks",
					"@executable_path/../../Frameworks",
				);
				PRODUCT_BUNDLE_IDENTIFIER = co.abzi.qrcodify.shareext;
				PRODUCT_NAME = "$(TARGET_NAME)";
				SKIP_INSTALL = YES;
				SWIFT_VERSION = 4.0;
				TARGETED_DEVICE_FAMILY = "1,2";
			};
			name = Release;
		};
/* End XCBuildConfiguration section */

/* Begin XCConfigurationList section */
		1E8812CA206A9BF9006DFB84 /* Build configuration list for PBXProject "qrcodify" */ = {
			isa = XCConfigurationList;
			buildConfigurations = (
				1E8812DF206A9BFA006DFB84 /* Debug */,
				1E8812E0206A9BFA006DFB84 /* Release */,
			);
			defaultConfigurationIsVisible = 0;
			defaultConfigurationName = Release;
		};
		1E8812E1206A9BFA006DFB84 /* Build configuration list for PBXNativeTarget "qrcodify" */ = {
			isa = XCConfigurationList;
			buildConfigurations = (
				1E8812E2206A9BFA006DFB84 /* Debug */,
				1E8812E3206A9BFA006DFB84 /* Release */,
			);
			defaultConfigurationIsVisible = 0;
			defaultConfigurationName = Release;
		};
		1E8812F7206AD658006DFB84 /* Build configuration list for PBXNativeTarget "shareext" */ = {
			isa = XCConfigurationList;
			buildConfigurations = (
				1E8812F8206AD658006DFB84 /* Debug */,
				1E8812F9206AD658006DFB84 /* Release */,
			);
			defaultConfigurationIsVisible = 0;
			defaultConfigurationName = Release;
		};
/* End XCConfigurationList section */
	};
	rootObject = 1E8812C7206A9BF9006DFB84 /* Project object */;
}
